PODS:
  - Action (5.0.0):
    - RxCocoa (~> 6.0)
    - RxSwift (~> 6.0)
  - Alamofire (5.6.1)
  - Differentiator (5.0.0)
  - Kingfisher (5.15.8):
    - Kingfisher/Core (= 5.15.8)
  - Kingfisher/Core (5.15.8)
  - ModelMapper (10.0.1):
    - ModelMapper/Core (= 10.0.1)
  - ModelMapper/Core (10.0.1)
  - Moya/Core (15.0.0):
    - Alamofire (~> 5.0)
  - Moya/RxSwift (15.0.0):
    - Moya/Core
    - RxSwift (~> 6.0)
  - RxBlocking (6.5.0):
    - RxSwift (= 6.5.0)
  - RxCocoa (6.5.0):
    - RxRelay (= 6.5.0)
    - RxSwift (= 6.5.0)
  - RxDataSources (5.0.0):
    - Differentiator (~> 5.0)
    - RxCocoa (~> 6.0)
    - RxSwift (~> 6.0)
  - RxFlow (2.13.0):
    - RxCocoa (>= 6.0.0)
    - RxSwift (>= 6.0.0)
  - RxRelay (6.5.0):
    - RxSwift (= 6.5.0)
  - RxSwift (6.5.0)
  - RxTest (6.5.0):
    - RxSwift (= 6.5.0)
  - SwiftLint (0.47.1)
  - Swinject (2.7.0)
  - SwinjectAutoregistration (2.7.0):
    - Swinject (~> 2.7)

DEPENDENCIES:
  - Action
  - Kingfisher (~> 5.0)
  - ModelMapper (~> 10.0)
  - Moya/RxSwift (~> 15.0)
  - RxBlocking (~> 6.5.0)
  - RxCocoa (~> 6.5.0)
  - RxDataSources (~> 5.0)
  - RxFlow
  - RxSwift (~> 6.5.0)
  - RxTest (~> 6.5.0)
  - SwiftLint
  - Swinject (= 2.7.0)
  - SwinjectAutoregistration (= 2.7.0)

SPEC REPOS:
  https://github.com/CocoaPods/Specs.git:
    - Action
    - Alamofire
    - Differentiator
    - Kingfisher
    - ModelMapper
    - Moya
    - RxBlocking
    - RxCocoa
    - RxDataSources
    - RxFlow
    - RxRelay
    - RxSwift
    - RxTest
    - SwiftLint
    - Swinject
    - SwinjectAutoregistration

SPEC CHECKSUMS:
  Action: 47f1825511907b4fcd79dd7a7db9526c20f78018
  Alamofire: 87bd8c952f9a4454320fce00d9cc3de57bcadaf5
  Differentiator: e8497ceab83c1b10ca233716d547b9af21b9344d
  Kingfisher: a3c03d702433fa6cfedabb2bddbe076fb8f2e902
  ModelMapper: 0f68dd4300d0e27290c70f66492c7f795da21bcf
  Moya: 138f0573e53411fb3dc17016add0b748dfbd78ee
  RxBlocking: 04b5fd28bb5ea49f7d64b80db8bbfe50d9cc1c7d
  RxCocoa: 94f817b71c07517321eb4f9ad299112ca8af743b
  RxDataSources: aa47cc1ed6c500fa0dfecac5c979b723542d79cf
  RxFlow: 52f6f6379918392c1ea8cb62d8dcf2df9a5463dd
  RxRelay: 1de1523e604c72b6c68feadedd1af3b1b4d0ecbd
  RxSwift: 5710a9e6b17f3c3d6e40d6e559b9fa1e813b2ef8
  RxTest: eb2d23adefc5a5ebf5779c7792fa3edfe6ebcc17
  SwiftLint: f80f1be7fa96d30e0aa68e58d45d4ea1ccaac519
  Swinject: 18195e17ad6140f994e95e11c7b04b21410598e8
  SwinjectAutoregistration: 330f5012642a8b5c89a8a4adb0c5e52df07382c0

PODFILE CHECKSUM: 8c2b4f4b1aca2017b10c50ccd06b0052631d2140

COCOAPODS: 1.11.3
