PODS:
  - Action (4.2.0):
    - RxCocoa (< 7.0, >= 5.0)
    - RxSwift (< 7.0, >= 5.0)
  - Alamofire (5.4.4)
  - Differentiator (4.0.1)
  - ModelMapper (10.0.1):
    - ModelMapper/Core (= 10.0.1)
  - ModelMapper/Core (10.0.1)
  - Moya (14.0.0):
    - Moya/Core (= 14.0.0)
  - Moya-ModelMapper/Core (10.0.0):
    - ModelMapper (~> 10.0)
    - Moya (~> 14.0)
  - Moya-ModelMapper/RxSwift (10.0.0):
    - Moya-ModelMapper/Core
    - Moya/RxSwift (~> 14.0)
    - RxSwift
  - Moya/Core (14.0.0):
    - Alamofire (~> 5.0)
  - Moya/RxSwift (14.0.0):
    - Moya/Core
    - RxSwift (~> 5.0)
  - RxCocoa (5.1.3):
    - RxRelay (~> 5)
    - RxSwift (~> 5)
  - RxDataSources (4.0.1):
    - Differentiator (~> 4.0)
    - RxCocoa (~> 5.0)
    - RxSwift (~> 5.0)
  - RxFlow (2.11.0):
    - RxCocoa (>= 5.1.1)
    - RxSwift (>= 5.1.1)
  - RxRelay (5.1.3):
    - RxSwift (~> 5)
  - RxSwift (5.1.3)
  - SwiftLint (0.44.0)
  - Swinject (2.7.0)
  - SwinjectAutoregistration (2.7.0):
    - Swinject (~> 2.7)

DEPENDENCIES:
  - Action
  - Moya-ModelMapper/RxSwift (~> 10.0)
  - Moya/RxSwift (from `./Moya-RxSwift5.podspec`)
  - RxCocoa (~> 5.0)
  - RxDataSources (~> 4.0)
  - RxFlow
  - RxSwift (~> 5.0)
  - SwiftLint
  - Swinject (= 2.7.0)
  - SwinjectAutoregistration (= 2.7.0)

SPEC REPOS:
  https://github.com/CocoaPods/Specs.git:
    - Action
    - Alamofire
    - Differentiator
    - ModelMapper
    - Moya-ModelMapper
    - RxCocoa
    - RxDataSources
    - RxFlow
    - RxRelay
    - RxSwift
    - SwiftLint
    - Swinject
    - SwinjectAutoregistration

EXTERNAL SOURCES:
  Moya:
    :podspec: "./Moya-RxSwift5.podspec"

SPEC CHECKSUMS:
  Action: 5dc2194f7a0b77857c82a677b0da655f197c005f
  Alamofire: f3b09a368f1582ab751b3fff5460276e0d2cf5c9
  Differentiator: 886080237d9f87f322641dedbc5be257061b0602
  ModelMapper: 0f68dd4300d0e27290c70f66492c7f795da21bcf
  Moya: d28ed999615f2cff5128114c437e5a8db55437ee
  Moya-ModelMapper: e3a478500921e7299804dc1ac550f1ebf3228ade
  RxCocoa: e2ed092d5432e4296aa818021d27de4090ac0354
  RxDataSources: efee07fa4de48477eca0a4611e6d11e2da9c1114
  RxFlow: c5242626a73a03d0a0163f0ab795538c467b791f
  RxRelay: 5a18c2eb2d68326ebaf0112f80d837ae41b92b97
  RxSwift: 915abbdfb62214aa89ccd0b194d44fb478019b27
  SwiftLint: e96c0a8c770c7ebbc4d36c55baf9096bb65c4584
  Swinject: 18195e17ad6140f994e95e11c7b04b21410598e8
  SwinjectAutoregistration: 330f5012642a8b5c89a8a4adb0c5e52df07382c0

PODFILE CHECKSUM: 64fe5462032a8df011dff2690893469e94234a08

COCOAPODS: 1.8.4
