PODS:
  - Action (5.0.0):
    - RxCocoa (~> 6.0)
    - RxSwift (~> 6.0)
  - Alamofire (5.8.0)
  - Differentiator (5.0.0)
  - Kingfisher (7.8.1)
  - ModelMapper (10.0.1):
    - ModelMapper/Core (= 10.0.1)
  - ModelMapper/Core (10.0.1)
  - Moya/Core (15.0.0):
    - Alamofire (~> 5.0)
  - Moya/RxSwift (15.0.0):
    - Moya/Core
    - RxSwift (~> 6.0)
  - RxBlocking (6.6.0):
    - RxSwift (= 6.6.0)
  - RxCocoa (6.6.0):
    - RxRelay (= 6.6.0)
    - RxSwift (= 6.6.0)
  - RxDataSources (5.0.0):
    - Differentiator (~> 5.0)
    - RxCocoa (~> 6.0)
    - RxSwift (~> 6.0)
  - RxFlow (2.13.0):
    - RxCocoa (>= 6.0.0)
    - RxSwift (>= 6.0.0)
  - RxRelay (6.6.0):
    - RxSwift (= 6.6.0)
  - RxSwift (6.6.0)
  - RxTest (6.6.0):
    - RxSwift (= 6.6.0)
  - SwiftLint (0.53.0)
  - Swinject (2.8.3)
  - SwinjectAutoregistration (2.8.3):
    - Swinject (~> 2.8.3)

DEPENDENCIES:
  - Action
  - Kingfisher (~> 7.8.1)
  - ModelMapper (~> 10.0)
  - Moya/RxSwift (~> 15.0)
  - RxBlocking (~> 6.6.0)
  - RxCocoa (~> 6.6.0)
  - RxDataSources (~> 5.0)
  - RxFlow
  - RxSwift (~> 6.6.0)
  - RxTest (~> 6.6.0)
  - SwiftLint
  - Swinject (= 2.8.3)
  - SwinjectAutoregistration (= 2.8.3)

SPEC REPOS:
  https://github.com/CocoaPods/Specs.git:
    - Action
    - Alamofire
    - Differentiator
    - Kingfisher
    - ModelMapper
    - Moya
    - RxBlocking
    - RxCocoa
    - RxDataSources
    - RxFlow
    - RxRelay
    - RxSwift
    - RxTest
    - SwiftLint
    - Swinject
    - SwinjectAutoregistration

SPEC CHECKSUMS:
  Action: 47f1825511907b4fcd79dd7a7db9526c20f78018
  Alamofire: 0e92e751b3e9e66d7982db43919d01f313b8eb91
  Differentiator: e8497ceab83c1b10ca233716d547b9af21b9344d
  Kingfisher: 63f677311d36a3473f6b978584f8a3845d023dc5
  ModelMapper: 0f68dd4300d0e27290c70f66492c7f795da21bcf
  Moya: 138f0573e53411fb3dc17016add0b748dfbd78ee
  RxBlocking: fbd1f8501443024f686e556f36dac79b0d5f4d7c
  RxCocoa: 44a80de90e25b739b5aeaae3c8c371a32e3343cc
  RxDataSources: aa47cc1ed6c500fa0dfecac5c979b723542d79cf
  RxFlow: 52f6f6379918392c1ea8cb62d8dcf2df9a5463dd
  RxRelay: 45eaa5db8ee4fb50e5ebd57deec0159e97fa51e6
  RxSwift: a4b44f7d24599f674deebd1818eab82e58410632
  RxTest: a23f26bb53a5e146a0a69db4f0fa0b69001ce7f4
  SwiftLint: 5ce4d6a8ff83f1b5fd5ad5dbf30965d35af65e44
  Swinject: 893c9a543000ac2f10ee4cbaf0933c6992c935d5
  SwinjectAutoregistration: e3ee378dc458acf78d176fc7fec3902603452667

PODFILE CHECKSUM: b1dbfecac49b22d981b32141cdd4db482c4961c2

COCOAPODS: 1.15.2
